
Microsoft Visual Studio Solution File, Format Version 12.00
# Visual Studio Version 16
VisualStudioVersion = 16.0.30907.101
MinimumVisualStudioVersion = 10.0.40219.1
Project("{9A19103F-16F7-4668-BE54-9A1E7A4F7556}") = "DPaul Final", "DPaul Final\DPaul Final.csproj", "{579461EE-841D-49AE-B802-4F0131ECDCBA}"
EndProject
Global
	GlobalSection(SolutionConfigurationPlatforms) = preSolution
		Debug|Any CPU = Debug|Any CPU
		Release|Any CPU = Release|Any CPU
	EndGlobalSection
	GlobalSection(ProjectConfigurationPlatforms) = postSolution
		{579461EE-841D-49AE-B802-4F0131ECDCBA}.Debug|Any CPU.ActiveCfg = Debug|Any CPU
		{579461EE-841D-49AE-B802-4F0131ECDCBA}.Debug|Any CPU.Build.0 = Debug|Any CPU
		{579461EE-841D-49AE-B802-4F0131ECDCBA}.Release|Any CPU.ActiveCfg = Release|Any CPU
		{579461EE-841D-49AE-B802-4F0131ECDCBA}.Release|Any CPU.Build.0 = Release|Any CPU
	EndGlobalSection
	GlobalSection(SolutionProperties) = preSolution
		HideSolutionNode = FALSE
	EndGlobalSection
	GlobalSection(ExtensibilityGlobals) = postSolution
		SolutionGuid = {ECA77C82-66EB-449A-A743-84A12EF6903A}
	EndGlobalSection
EndGlobal
