
Microsoft Visual Studio Solution File, Format Version 12.00
# Visual Studio Version 16
VisualStudioVersion = 16.0.30907.101
MinimumVisualStudioVersion = 10.0.40219.1
Project("{FAE04EC0-301F-11D3-BF4B-00C04F79EFBC}") = "DPaul Homework 4", "DPaul Homework 4\DPaul Homework 4.csproj", "{0026FBC1-DCC1-4358-B248-379D89999717}"
EndProject
Global
	GlobalSection(SolutionConfigurationPlatforms) = preSolution
		Debug|Any CPU = Debug|Any CPU
		Release|Any CPU = Release|Any CPU
	EndGlobalSection
	GlobalSection(ProjectConfigurationPlatforms) = postSolution
		{0026FBC1-DCC1-4358-B248-379D89999717}.Debug|Any CPU.ActiveCfg = Debug|Any CPU
		{0026FBC1-DCC1-4358-B248-379D89999717}.Debug|Any CPU.Build.0 = Debug|Any CPU
		{0026FBC1-DCC1-4358-B248-379D89999717}.Release|Any CPU.ActiveCfg = Release|Any CPU
		{0026FBC1-DCC1-4358-B248-379D89999717}.Release|Any CPU.Build.0 = Release|Any CPU
	EndGlobalSection
	GlobalSection(SolutionProperties) = preSolution
		HideSolutionNode = FALSE
	EndGlobalSection
	GlobalSection(ExtensibilityGlobals) = postSolution
		SolutionGuid = {AB276752-308C-4D85-AB73-2536DF542901}
	EndGlobalSection
EndGlobal
